
Microsoft Visual Studio Solution File, Format Version 12.00
# Visual Studio Version 17
VisualStudioVersion = 17.11.35219.272
MinimumVisualStudioVersion = 10.0.40219.1
Project("{FAE04EC0-301F-11D3-BF4B-00C04F79EFBC}") = "WebApplication1", "WebApplication1\WebApplication1.csproj", "{511C6FE3-1861-435F-A450-2266DD09074D}"
EndProject
Global
	GlobalSection(SolutionConfigurationPlatforms) = preSolution
		Debug|Any CPU = Debug|Any CPU
		Release|Any CPU = Release|Any CPU
	EndGlobalSection
	GlobalSection(ProjectConfigurationPlatforms) = postSolution
		{511C6FE3-1861-435F-A450-2266DD09074D}.Debug|Any CPU.ActiveCfg = Debug|Any CPU
		{511C6FE3-1861-435F-A450-2266DD09074D}.Debug|Any CPU.Build.0 = Debug|Any CPU
		{511C6FE3-1861-435F-A450-2266DD09074D}.Release|Any CPU.ActiveCfg = Release|Any CPU
		{511C6FE3-1861-435F-A450-2266DD09074D}.Release|Any CPU.Build.0 = Release|Any CPU
	EndGlobalSection
	GlobalSection(SolutionProperties) = preSolution
		HideSolutionNode = FALSE
	EndGlobalSection
	GlobalSection(ExtensibilityGlobals) = postSolution
		SolutionGuid = {55FA1C6E-7FF2-4868-8A68-36AAFA993280}
	EndGlobalSection
EndGlobal
